
Microsoft Visual Studio Solution File, Format Version 12.00
# Visual Studio Version 16
VisualStudioVersion = 16.0.29306.81
MinimumVisualStudioVersion = 10.0.40219.1
Project("{9A19103F-16F7-4668-BE54-9A1E7A4F7556}") = "Sandbox", "Sandbox\Sandbox.csproj", "{34A93CA0-8095-4B26-BED8-22C1BB34DF81}"
	ProjectSection(ProjectDependencies) = postProject
		{A4276C87-7F24-4BE7-9EDC-A321AE2F7A3B} = {A4276C87-7F24-4BE7-9EDC-A321AE2F7A3B}
	EndProjectSection
EndProject
Project("{9A19103F-16F7-4668-BE54-9A1E7A4F7556}") = "BootEngine", "BootEngine\BootEngine.csproj", "{A4276C87-7F24-4BE7-9EDC-A321AE2F7A3B}"
EndProject
Global
	GlobalSection(SolutionConfigurationPlatforms) = preSolution
		Debug|x64 = Debug|x64
		Release|x64 = Release|x64
	EndGlobalSection
	GlobalSection(ProjectConfigurationPlatforms) = postSolution
		{34A93CA0-8095-4B26-BED8-22C1BB34DF81}.Debug|x64.ActiveCfg = Debug|x64
		{34A93CA0-8095-4B26-BED8-22C1BB34DF81}.Debug|x64.Build.0 = Debug|x64
		{34A93CA0-8095-4B26-BED8-22C1BB34DF81}.Release|x64.ActiveCfg = Release|x64
		{34A93CA0-8095-4B26-BED8-22C1BB34DF81}.Release|x64.Build.0 = Release|x64
		{A4276C87-7F24-4BE7-9EDC-A321AE2F7A3B}.Debug|x64.ActiveCfg = Debug|x64
		{A4276C87-7F24-4BE7-9EDC-A321AE2F7A3B}.Debug|x64.Build.0 = Debug|x64
		{A4276C87-7F24-4BE7-9EDC-A321AE2F7A3B}.Release|x64.ActiveCfg = Release|x64
		{A4276C87-7F24-4BE7-9EDC-A321AE2F7A3B}.Release|x64.Build.0 = Release|x64
	EndGlobalSection
	GlobalSection(SolutionProperties) = preSolution
		HideSolutionNode = FALSE
	EndGlobalSection
	GlobalSection(ExtensibilityGlobals) = postSolution
		SolutionGuid = {19BA2FF6-4D44-44D7-850E-1034DDBD2800}
	EndGlobalSection
EndGlobal
